
Microsoft Visual Studio Solution File, Format Version 12.00
# Visual Studio 15
VisualStudioVersion = 15.0.26403.7
MinimumVisualStudioVersion = 10.0.40219.1
Project("{FAE04EC0-301F-11D3-BF4B-00C04F79EFBC}") = "XamarinFormsWeatherApp.Android", "XamarinFormsWeatherApp\XamarinFormsWeatherApp.Android\XamarinFormsWeatherApp.Android.csproj", "{A80E4659-117D-46C1-8601-DB1F53DF893D}"
EndProject
Project("{FAE04EC0-301F-11D3-BF4B-00C04F79EFBC}") = "XamarinFormsWeatherApp", "XamarinFormsWeatherApp\XamarinFormsWeatherApp\XamarinFormsWeatherApp.csproj", "{757174DD-0835-44B7-ADEA-35B3A3CF580B}"
EndProject
Project("{FAE04EC0-301F-11D3-BF4B-00C04F79EFBC}") = "XamarinFormsWeatherApp.UWP", "XamarinFormsWeatherApp\XamarinFormsWeatherApp.UWP\XamarinFormsWeatherApp.UWP.csproj", "{261F5671-8403-4EAF-9B45-A72B760E5DDF}"
EndProject
Project("{FAE04EC0-301F-11D3-BF4B-00C04F79EFBC}") = "XamarinFormsWeatherApp.iOS", "XamarinFormsWeatherApp\XamarinFormsWeatherApp.iOS\XamarinFormsWeatherApp.iOS.csproj", "{14BD60D2-C9E6-49B4-A814-73B135E6CC86}"
EndProject
Global
	GlobalSection(SolutionConfigurationPlatforms) = preSolution
		Ad-Hoc|Any CPU = Ad-Hoc|Any CPU
		Ad-Hoc|ARM = Ad-Hoc|ARM
		Ad-Hoc|iPhone = Ad-Hoc|iPhone
		Ad-Hoc|iPhoneSimulator = Ad-Hoc|iPhoneSimulator
		Ad-Hoc|x64 = Ad-Hoc|x64
		Ad-Hoc|x86 = Ad-Hoc|x86
		AppStore|Any CPU = AppStore|Any CPU
		AppStore|ARM = AppStore|ARM
		AppStore|iPhone = AppStore|iPhone
		AppStore|iPhoneSimulator = AppStore|iPhoneSimulator
		AppStore|x64 = AppStore|x64
		AppStore|x86 = AppStore|x86
		Debug|Any CPU = Debug|Any CPU
		Debug|ARM = Debug|ARM
		Debug|iPhone = Debug|iPhone
		Debug|iPhoneSimulator = Debug|iPhoneSimulator
		Debug|x64 = Debug|x64
		Debug|x86 = Debug|x86
		Release|Any CPU = Release|Any CPU
		Release|ARM = Release|ARM
		Release|iPhone = Release|iPhone
		Release|iPhoneSimulator = Release|iPhoneSimulator
		Release|x64 = Release|x64
		Release|x86 = Release|x86
	EndGlobalSection
	GlobalSection(ProjectConfigurationPlatforms) = postSolution
		{A80E4659-117D-46C1-8601-DB1F53DF893D}.Ad-Hoc|Any CPU.ActiveCfg = Release|Any CPU
		{A80E4659-117D-46C1-8601-DB1F53DF893D}.Ad-Hoc|Any CPU.Build.0 = Release|Any CPU
		{A80E4659-117D-46C1-8601-DB1F53DF893D}.Ad-Hoc|Any CPU.Deploy.0 = Release|Any CPU
		{A80E4659-117D-46C1-8601-DB1F53DF893D}.Ad-Hoc|ARM.ActiveCfg = Release|Any CPU
		{A80E4659-117D-46C1-8601-DB1F53DF893D}.Ad-Hoc|ARM.Build.0 = Release|Any CPU
		{A80E4659-117D-46C1-8601-DB1F53DF893D}.Ad-Hoc|ARM.Deploy.0 = Release|Any CPU
		{A80E4659-117D-46C1-8601-DB1F53DF893D}.Ad-Hoc|iPhone.ActiveCfg = Release|Any CPU
		{A80E4659-117D-46C1-8601-DB1F53DF893D}.Ad-Hoc|iPhone.Build.0 = Release|Any CPU
		{A80E4659-117D-46C1-8601-DB1F53DF893D}.Ad-Hoc|iPhone.Deploy.0 = Release|Any CPU
		{A80E4659-117D-46C1-8601-DB1F53DF893D}.Ad-Hoc|iPhoneSimulator.ActiveCfg = Release|Any CPU
		{A80E4659-117D-46C1-8601-DB1F53DF893D}.Ad-Hoc|iPhoneSimulator.Build.0 = Release|Any CPU
		{A80E4659-117D-46C1-8601-DB1F53DF893D}.Ad-Hoc|iPhoneSimulator.Deploy.0 = Release|Any CPU
		{A80E4659-117D-46C1-8601-DB1F53DF893D}.Ad-Hoc|x64.ActiveCfg = Release|Any CPU
		{A80E4659-117D-46C1-8601-DB1F53DF893D}.Ad-Hoc|x64.Build.0 = Release|Any CPU
		{A80E4659-117D-46C1-8601-DB1F53DF893D}.Ad-Hoc|x64.Deploy.0 = Release|Any CPU
		{A80E4659-117D-46C1-8601-DB1F53DF893D}.Ad-Hoc|x86.ActiveCfg = Release|Any CPU
		{A80E4659-117D-46C1-8601-DB1F53DF893D}.Ad-Hoc|x86.Build.0 = Release|Any CPU
		{A80E4659-117D-46C1-8601-DB1F53DF893D}.Ad-Hoc|x86.Deploy.0 = Release|Any CPU
		{A80E4659-117D-46C1-8601-DB1F53DF893D}.AppStore|Any CPU.ActiveCfg = Release|Any CPU
		{A80E4659-117D-46C1-8601-DB1F53DF893D}.AppStore|Any CPU.Build.0 = Release|Any CPU
		{A80E4659-117D-46C1-8601-DB1F53DF893D}.AppStore|Any CPU.Deploy.0 = Release|Any CPU
		{A80E4659-117D-46C1-8601-DB1F53DF893D}.AppStore|ARM.ActiveCfg = Release|Any CPU
		{A80E4659-117D-46C1-8601-DB1F53DF893D}.AppStore|ARM.Build.0 = Release|Any CPU
		{A80E4659-117D-46C1-8601-DB1F53DF893D}.AppStore|ARM.Deploy.0 = Release|Any CPU
		{A80E4659-117D-46C1-8601-DB1F53DF893D}.AppStore|iPhone.ActiveCfg = Release|Any CPU
		{A80E4659-117D-46C1-8601-DB1F53DF893D}.AppStore|iPhone.Build.0 = Release|Any CPU
		{A80E4659-117D-46C1-8601-DB1F53DF893D}.AppStore|iPhone.Deploy.0 = Release|Any CPU
		{A80E4659-117D-46C1-8601-DB1F53DF893D}.AppStore|iPhoneSimulator.ActiveCfg = Release|Any CPU
		{A80E4659-117D-46C1-8601-DB1F53DF893D}.AppStore|iPhoneSimulator.Build.0 = Release|Any CPU
		{A80E4659-117D-46C1-8601-DB1F53DF893D}.AppStore|iPhoneSimulator.Deploy.0 = Release|Any CPU
		{A80E4659-117D-46C1-8601-DB1F53DF893D}.AppStore|x64.ActiveCfg = Release|Any CPU
		{A80E4659-117D-46C1-8601-DB1F53DF893D}.AppStore|x64.Build.0 = Release|Any CPU
		{A80E4659-117D-46C1-8601-DB1F53DF893D}.AppStore|x64.Deploy.0 = Release|Any CPU
		{A80E4659-117D-46C1-8601-DB1F53DF893D}.AppStore|x86.ActiveCfg = Release|Any CPU
		{A80E4659-117D-46C1-8601-DB1F53DF893D}.AppStore|x86.Build.0 = Release|Any CPU
		{A80E4659-117D-46C1-8601-DB1F53DF893D}.AppStore|x86.Deploy.0 = Release|Any CPU
		{A80E4659-117D-46C1-8601-DB1F53DF893D}.Debug|Any CPU.ActiveCfg = Debug|Any CPU
		{A80E4659-117D-46C1-8601-DB1F53DF893D}.Debug|Any CPU.Build.0 = Debug|Any CPU
		{A80E4659-117D-46C1-8601-DB1F53DF893D}.Debug|Any CPU.Deploy.0 = Debug|Any CPU
		{A80E4659-117D-46C1-8601-DB1F53DF893D}.Debug|ARM.ActiveCfg = Debug|Any CPU
		{A80E4659-117D-46C1-8601-DB1F53DF893D}.Debug|ARM.Build.0 = Debug|Any CPU
		{A80E4659-117D-46C1-8601-DB1F53DF893D}.Debug|ARM.Deploy.0 = Debug|Any CPU
		{A80E4659-117D-46C1-8601-DB1F53DF893D}.Debug|iPhone.ActiveCfg = Debug|Any CPU
		{A80E4659-117D-46C1-8601-DB1F53DF893D}.Debug|iPhone.Build.0 = Debug|Any CPU
		{A80E4659-117D-46C1-8601-DB1F53DF893D}.Debug|iPhone.Deploy.0 = Debug|Any CPU
		{A80E4659-117D-46C1-8601-DB1F53DF893D}.Debug|iPhoneSimulator.ActiveCfg = Debug|Any CPU
		{A80E4659-117D-46C1-8601-DB1F53DF893D}.Debug|iPhoneSimulator.Build.0 = Debug|Any CPU
		{A80E4659-117D-46C1-8601-DB1F53DF893D}.Debug|iPhoneSimulator.Deploy.0 = Debug|Any CPU
		{A80E4659-117D-46C1-8601-DB1F53DF893D}.Debug|x64.ActiveCfg = Debug|Any CPU
		{A80E4659-117D-46C1-8601-DB1F53DF893D}.Debug|x64.Build.0 = Debug|Any CPU
		{A80E4659-117D-46C1-8601-DB1F53DF893D}.Debug|x64.Deploy.0 = Debug|Any CPU
		{A80E4659-117D-46C1-8601-DB1F53DF893D}.Debug|x86.ActiveCfg = Debug|Any CPU
		{A80E4659-117D-46C1-8601-DB1F53DF893D}.Debug|x86.Build.0 = Debug|Any CPU
		{A80E4659-117D-46C1-8601-DB1F53DF893D}.Debug|x86.Deploy.0 = Debug|Any CPU
		{A80E4659-117D-46C1-8601-DB1F53DF893D}.Release|Any CPU.ActiveCfg = Release|Any CPU
		{A80E4659-117D-46C1-8601-DB1F53DF893D}.Release|Any CPU.Build.0 = Release|Any CPU
		{A80E4659-117D-46C1-8601-DB1F53DF893D}.Release|Any CPU.Deploy.0 = Release|Any CPU
		{A80E4659-117D-46C1-8601-DB1F53DF893D}.Release|ARM.ActiveCfg = Release|Any CPU
		{A80E4659-117D-46C1-8601-DB1F53DF893D}.Release|ARM.Build.0 = Release|Any CPU
		{A80E4659-117D-46C1-8601-DB1F53DF893D}.Release|ARM.Deploy.0 = Release|Any CPU
		{A80E4659-117D-46C1-8601-DB1F53DF893D}.Release|iPhone.ActiveCfg = Release|Any CPU
		{A80E4659-117D-46C1-8601-DB1F53DF893D}.Release|iPhone.Build.0 = Release|Any CPU
		{A80E4659-117D-46C1-8601-DB1F53DF893D}.Release|iPhone.Deploy.0 = Release|Any CPU
		{A80E4659-117D-46C1-8601-DB1F53DF893D}.Release|iPhoneSimulator.ActiveCfg = Release|Any CPU
		{A80E4659-117D-46C1-8601-DB1F53DF893D}.Release|iPhoneSimulator.Build.0 = Release|Any CPU
		{A80E4659-117D-46C1-8601-DB1F53DF893D}.Release|iPhoneSimulator.Deploy.0 = Release|Any CPU
		{A80E4659-117D-46C1-8601-DB1F53DF893D}.Release|x64.ActiveCfg = Release|Any CPU
		{A80E4659-117D-46C1-8601-DB1F53DF893D}.Release|x64.Build.0 = Release|Any CPU
		{A80E4659-117D-46C1-8601-DB1F53DF893D}.Release|x64.Deploy.0 = Release|Any CPU
		{A80E4659-117D-46C1-8601-DB1F53DF893D}.Release|x86.ActiveCfg = Release|Any CPU
		{A80E4659-117D-46C1-8601-DB1F53DF893D}.Release|x86.Build.0 = Release|Any CPU
		{A80E4659-117D-46C1-8601-DB1F53DF893D}.Release|x86.Deploy.0 = Release|Any CPU
		{757174DD-0835-44B7-ADEA-35B3A3CF580B}.Ad-Hoc|Any CPU.ActiveCfg = Release|Any CPU
		{757174DD-0835-44B7-ADEA-35B3A3CF580B}.Ad-Hoc|Any CPU.Build.0 = Release|Any CPU
		{757174DD-0835-44B7-ADEA-35B3A3CF580B}.Ad-Hoc|ARM.ActiveCfg = Release|Any CPU
		{757174DD-0835-44B7-ADEA-35B3A3CF580B}.Ad-Hoc|ARM.Build.0 = Release|Any CPU
		{757174DD-0835-44B7-ADEA-35B3A3CF580B}.Ad-Hoc|iPhone.ActiveCfg = Release|Any CPU
		{757174DD-0835-44B7-ADEA-35B3A3CF580B}.Ad-Hoc|iPhone.Build.0 = Release|Any CPU
		{757174DD-0835-44B7-ADEA-35B3A3CF580B}.Ad-Hoc|iPhoneSimulator.ActiveCfg = Release|Any CPU
		{757174DD-0835-44B7-ADEA-35B3A3CF580B}.Ad-Hoc|iPhoneSimulator.Build.0 = Release|Any CPU
		{757174DD-0835-44B7-ADEA-35B3A3CF580B}.Ad-Hoc|x64.ActiveCfg = Release|Any CPU
		{757174DD-0835-44B7-ADEA-35B3A3CF580B}.Ad-Hoc|x64.Build.0 = Release|Any CPU
		{757174DD-0835-44B7-ADEA-35B3A3CF580B}.Ad-Hoc|x86.ActiveCfg = Release|Any CPU
		{757174DD-0835-44B7-ADEA-35B3A3CF580B}.Ad-Hoc|x86.Build.0 = Release|Any CPU
		{757174DD-0835-44B7-ADEA-35B3A3CF580B}.AppStore|Any CPU.ActiveCfg = Release|Any CPU
		{757174DD-0835-44B7-ADEA-35B3A3CF580B}.AppStore|Any CPU.Build.0 = Release|Any CPU
		{757174DD-0835-44B7-ADEA-35B3A3CF580B}.AppStore|ARM.ActiveCfg = Release|Any CPU
		{757174DD-0835-44B7-ADEA-35B3A3CF580B}.AppStore|ARM.Build.0 = Release|Any CPU
		{757174DD-0835-44B7-ADEA-35B3A3CF580B}.AppStore|iPhone.ActiveCfg = Release|Any CPU
		{757174DD-0835-44B7-ADEA-35B3A3CF580B}.AppStore|iPhone.Build.0 = Release|Any CPU
		{757174DD-0835-44B7-ADEA-35B3A3CF580B}.AppStore|iPhoneSimulator.ActiveCfg = Release|Any CPU
		{757174DD-0835-44B7-ADEA-35B3A3CF580B}.AppStore|iPhoneSimulator.Build.0 = Release|Any CPU
		{757174DD-0835-44B7-ADEA-35B3A3CF580B}.AppStore|x64.ActiveCfg = Release|Any CPU
		{757174DD-0835-44B7-ADEA-35B3A3CF580B}.AppStore|x64.Build.0 = Release|Any CPU
		{757174DD-0835-44B7-ADEA-35B3A3CF580B}.AppStore|x86.ActiveCfg = Release|Any CPU
		{757174DD-0835-44B7-ADEA-35B3A3CF580B}.AppStore|x86.Build.0 = Release|Any CPU
		{757174DD-0835-44B7-ADEA-35B3A3CF580B}.Debug|Any CPU.ActiveCfg = Debug|Any CPU
		{757174DD-0835-44B7-ADEA-35B3A3CF580B}.Debug|Any CPU.Build.0 = Debug|Any CPU
		{757174DD-0835-44B7-ADEA-35B3A3CF580B}.Debug|ARM.ActiveCfg = Debug|Any CPU
		{757174DD-0835-44B7-ADEA-35B3A3CF580B}.Debug|ARM.Build.0 = Debug|Any CPU
		{757174DD-0835-44B7-ADEA-35B3A3CF580B}.Debug|iPhone.ActiveCfg = Debug|Any CPU
		{757174DD-0835-44B7-ADEA-35B3A3CF580B}.Debug|iPhone.Build.0 = Debug|Any CPU
		{757174DD-0835-44B7-ADEA-35B3A3CF580B}.Debug|iPhoneSimulator.ActiveCfg = Debug|Any CPU
		{757174DD-0835-44B7-ADEA-35B3A3CF580B}.Debug|iPhoneSimulator.Build.0 = Debug|Any CPU
		{757174DD-0835-44B7-ADEA-35B3A3CF580B}.Debug|x64.ActiveCfg = Debug|Any CPU
		{757174DD-0835-44B7-ADEA-35B3A3CF580B}.Debug|x64.Build.0 = Debug|Any CPU
		{757174DD-0835-44B7-ADEA-35B3A3CF580B}.Debug|x86.ActiveCfg = Debug|Any CPU
		{757174DD-0835-44B7-ADEA-35B3A3CF580B}.Debug|x86.Build.0 = Debug|Any CPU
		{757174DD-0835-44B7-ADEA-35B3A3CF580B}.Release|Any CPU.ActiveCfg = Release|Any CPU
		{757174DD-0835-44B7-ADEA-35B3A3CF580B}.Release|Any CPU.Build.0 = Release|Any CPU
		{757174DD-0835-44B7-ADEA-35B3A3CF580B}.Release|ARM.ActiveCfg = Release|Any CPU
		{757174DD-0835-44B7-ADEA-35B3A3CF580B}.Release|ARM.Build.0 = Release|Any CPU
		{757174DD-0835-44B7-ADEA-35B3A3CF580B}.Release|iPhone.ActiveCfg = Release|Any CPU
		{757174DD-0835-44B7-ADEA-35B3A3CF580B}.Release|iPhone.Build.0 = Release|Any CPU
		{757174DD-0835-44B7-ADEA-35B3A3CF580B}.Release|iPhoneSimulator.ActiveCfg = Release|Any CPU
		{757174DD-0835-44B7-ADEA-35B3A3CF580B}.Release|iPhoneSimulator.Build.0 = Release|Any CPU
		{757174DD-0835-44B7-ADEA-35B3A3CF580B}.Release|x64.ActiveCfg = Release|Any CPU
		{757174DD-0835-44B7-ADEA-35B3A3CF580B}.Release|x64.Build.0 = Release|Any CPU
		{757174DD-0835-44B7-ADEA-35B3A3CF580B}.Release|x86.ActiveCfg = Release|Any CPU
		{757174DD-0835-44B7-ADEA-35B3A3CF580B}.Release|x86.Build.0 = Release|Any CPU
		{261F5671-8403-4EAF-9B45-A72B760E5DDF}.Ad-Hoc|Any CPU.ActiveCfg = Release|x86
		{261F5671-8403-4EAF-9B45-A72B760E5DDF}.Ad-Hoc|Any CPU.Build.0 = Release|x86
		{261F5671-8403-4EAF-9B45-A72B760E5DDF}.Ad-Hoc|Any CPU.Deploy.0 = Release|x86
		{261F5671-8403-4EAF-9B45-A72B760E5DDF}.Ad-Hoc|ARM.ActiveCfg = Release|ARM
		{261F5671-8403-4EAF-9B45-A72B760E5DDF}.Ad-Hoc|ARM.Build.0 = Release|ARM
		{261F5671-8403-4EAF-9B45-A72B760E5DDF}.Ad-Hoc|ARM.Deploy.0 = Release|ARM
		{261F5671-8403-4EAF-9B45-A72B760E5DDF}.Ad-Hoc|iPhone.ActiveCfg = Release|x86
		{261F5671-8403-4EAF-9B45-A72B760E5DDF}.Ad-Hoc|iPhone.Build.0 = Release|x86
		{261F5671-8403-4EAF-9B45-A72B760E5DDF}.Ad-Hoc|iPhone.Deploy.0 = Release|x86
		{261F5671-8403-4EAF-9B45-A72B760E5DDF}.Ad-Hoc|iPhoneSimulator.ActiveCfg = Release|x86
		{261F5671-8403-4EAF-9B45-A72B760E5DDF}.Ad-Hoc|iPhoneSimulator.Build.0 = Release|x86
		{261F5671-8403-4EAF-9B45-A72B760E5DDF}.Ad-Hoc|iPhoneSimulator.Deploy.0 = Release|x86
		{261F5671-8403-4EAF-9B45-A72B760E5DDF}.Ad-Hoc|x64.ActiveCfg = Release|x64
		{261F5671-8403-4EAF-9B45-A72B760E5DDF}.Ad-Hoc|x64.Build.0 = Release|x64
		{261F5671-8403-4EAF-9B45-A72B760E5DDF}.Ad-Hoc|x64.Deploy.0 = Release|x64
		{261F5671-8403-4EAF-9B45-A72B760E5DDF}.Ad-Hoc|x86.ActiveCfg = Release|x86
		{261F5671-8403-4EAF-9B45-A72B760E5DDF}.Ad-Hoc|x86.Build.0 = Release|x86
		{261F5671-8403-4EAF-9B45-A72B760E5DDF}.Ad-Hoc|x86.Deploy.0 = Release|x86
		{261F5671-8403-4EAF-9B45-A72B760E5DDF}.AppStore|Any CPU.ActiveCfg = Release|x86
		{261F5671-8403-4EAF-9B45-A72B760E5DDF}.AppStore|Any CPU.Build.0 = Release|x86
		{261F5671-8403-4EAF-9B45-A72B760E5DDF}.AppStore|Any CPU.Deploy.0 = Release|x86
		{261F5671-8403-4EAF-9B45-A72B760E5DDF}.AppStore|ARM.ActiveCfg = Release|ARM
		{261F5671-8403-4EAF-9B45-A72B760E5DDF}.AppStore|ARM.Build.0 = Release|ARM
		{261F5671-8403-4EAF-9B45-A72B760E5DDF}.AppStore|ARM.Deploy.0 = Release|ARM
		{261F5671-8403-4EAF-9B45-A72B760E5DDF}.AppStore|iPhone.ActiveCfg = Release|x86
		{261F5671-8403-4EAF-9B45-A72B760E5DDF}.AppStore|iPhone.Build.0 = Release|x86
		{261F5671-8403-4EAF-9B45-A72B760E5DDF}.AppStore|iPhone.Deploy.0 = Release|x86
		{261F5671-8403-4EAF-9B45-A72B760E5DDF}.AppStore|iPhoneSimulator.ActiveCfg = Release|x86
		{261F5671-8403-4EAF-9B45-A72B760E5DDF}.AppStore|iPhoneSimulator.Build.0 = Release|x86
		{261F5671-8403-4EAF-9B45-A72B760E5DDF}.AppStore|iPhoneSimulator.Deploy.0 = Release|x86
		{261F5671-8403-4EAF-9B45-A72B760E5DDF}.AppStore|x64.ActiveCfg = Release|x64
		{261F5671-8403-4EAF-9B45-A72B760E5DDF}.AppStore|x64.Build.0 = Release|x64
		{261F5671-8403-4EAF-9B45-A72B760E5DDF}.AppStore|x64.Deploy.0 = Release|x64
		{261F5671-8403-4EAF-9B45-A72B760E5DDF}.AppStore|x86.ActiveCfg = Release|x86
		{261F5671-8403-4EAF-9B45-A72B760E5DDF}.AppStore|x86.Build.0 = Release|x86
		{261F5671-8403-4EAF-9B45-A72B760E5DDF}.AppStore|x86.Deploy.0 = Release|x86
		{261F5671-8403-4EAF-9B45-A72B760E5DDF}.Debug|Any CPU.ActiveCfg = Debug|x86
		{261F5671-8403-4EAF-9B45-A72B760E5DDF}.Debug|Any CPU.Build.0 = Debug|x86
		{261F5671-8403-4EAF-9B45-A72B760E5DDF}.Debug|Any CPU.Deploy.0 = Debug|x86
		{261F5671-8403-4EAF-9B45-A72B760E5DDF}.Debug|ARM.ActiveCfg = Debug|ARM
		{261F5671-8403-4EAF-9B45-A72B760E5DDF}.Debug|ARM.Build.0 = Debug|ARM
		{261F5671-8403-4EAF-9B45-A72B760E5DDF}.Debug|ARM.Deploy.0 = Debug|ARM
		{261F5671-8403-4EAF-9B45-A72B760E5DDF}.Debug|iPhone.ActiveCfg = Debug|x86
		{261F5671-8403-4EAF-9B45-A72B760E5DDF}.Debug|iPhoneSimulator.ActiveCfg = Debug|x86
		{261F5671-8403-4EAF-9B45-A72B760E5DDF}.Debug|x64.ActiveCfg = Debug|x64
		{261F5671-8403-4EAF-9B45-A72B760E5DDF}.Debug|x64.Build.0 = Debug|x64
		{261F5671-8403-4EAF-9B45-A72B760E5DDF}.Debug|x64.Deploy.0 = Debug|x64
		{261F5671-8403-4EAF-9B45-A72B760E5DDF}.Debug|x86.ActiveCfg = Debug|x86
		{261F5671-8403-4EAF-9B45-A72B760E5DDF}.Debug|x86.Build.0 = Debug|x86
		{261F5671-8403-4EAF-9B45-A72B760E5DDF}.Debug|x86.Deploy.0 = Debug|x86
		{261F5671-8403-4EAF-9B45-A72B760E5DDF}.Release|Any CPU.ActiveCfg = Release|x86
		{261F5671-8403-4EAF-9B45-A72B760E5DDF}.Release|ARM.ActiveCfg = Release|ARM
		{261F5671-8403-4EAF-9B45-A72B760E5DDF}.Release|ARM.Build.0 = Release|ARM
		{261F5671-8403-4EAF-9B45-A72B760E5DDF}.Release|ARM.Deploy.0 = Release|ARM
		{261F5671-8403-4EAF-9B45-A72B760E5DDF}.Release|iPhone.ActiveCfg = Release|x86
		{261F5671-8403-4EAF-9B45-A72B760E5DDF}.Release|iPhoneSimulator.ActiveCfg = Release|x86
		{261F5671-8403-4EAF-9B45-A72B760E5DDF}.Release|x64.ActiveCfg = Release|x64
		{261F5671-8403-4EAF-9B45-A72B760E5DDF}.Release|x64.Build.0 = Release|x64
		{261F5671-8403-4EAF-9B45-A72B760E5DDF}.Release|x64.Deploy.0 = Release|x64
		{261F5671-8403-4EAF-9B45-A72B760E5DDF}.Release|x86.ActiveCfg = Release|x86
		{261F5671-8403-4EAF-9B45-A72B760E5DDF}.Release|x86.Build.0 = Release|x86
		{261F5671-8403-4EAF-9B45-A72B760E5DDF}.Release|x86.Deploy.0 = Release|x86
		{14BD60D2-C9E6-49B4-A814-73B135E6CC86}.Ad-Hoc|Any CPU.ActiveCfg = Ad-Hoc|iPhone
		{14BD60D2-C9E6-49B4-A814-73B135E6CC86}.Ad-Hoc|ARM.ActiveCfg = Ad-Hoc|iPhone
		{14BD60D2-C9E6-49B4-A814-73B135E6CC86}.Ad-Hoc|iPhone.ActiveCfg = Ad-Hoc|iPhone
		{14BD60D2-C9E6-49B4-A814-73B135E6CC86}.Ad-Hoc|iPhone.Build.0 = Ad-Hoc|iPhone
		{14BD60D2-C9E6-49B4-A814-73B135E6CC86}.Ad-Hoc|iPhoneSimulator.ActiveCfg = Ad-Hoc|iPhoneSimulator
		{14BD60D2-C9E6-49B4-A814-73B135E6CC86}.Ad-Hoc|iPhoneSimulator.Build.0 = Ad-Hoc|iPhoneSimulator
		{14BD60D2-C9E6-49B4-A814-73B135E6CC86}.Ad-Hoc|x64.ActiveCfg = Ad-Hoc|iPhone
		{14BD60D2-C9E6-49B4-A814-73B135E6CC86}.Ad-Hoc|x86.ActiveCfg = Ad-Hoc|iPhone
		{14BD60D2-C9E6-49B4-A814-73B135E6CC86}.AppStore|Any CPU.ActiveCfg = AppStore|iPhone
		{14BD60D2-C9E6-49B4-A814-73B135E6CC86}.AppStore|ARM.ActiveCfg = AppStore|iPhone
		{14BD60D2-C9E6-49B4-A814-73B135E6CC86}.AppStore|iPhone.ActiveCfg = AppStore|iPhone
		{14BD60D2-C9E6-49B4-A814-73B135E6CC86}.AppStore|iPhone.Build.0 = AppStore|iPhone
		{14BD60D2-C9E6-49B4-A814-73B135E6CC86}.AppStore|iPhoneSimulator.ActiveCfg = AppStore|iPhoneSimulator
		{14BD60D2-C9E6-49B4-A814-73B135E6CC86}.AppStore|iPhoneSimulator.Build.0 = AppStore|iPhoneSimulator
		{14BD60D2-C9E6-49B4-A814-73B135E6CC86}.AppStore|x64.ActiveCfg = AppStore|iPhone
		{14BD60D2-C9E6-49B4-A814-73B135E6CC86}.AppStore|x86.ActiveCfg = AppStore|iPhone
		{14BD60D2-C9E6-49B4-A814-73B135E6CC86}.Debug|Any CPU.ActiveCfg = Debug|iPhone
		{14BD60D2-C9E6-49B4-A814-73B135E6CC86}.Debug|ARM.ActiveCfg = Debug|iPhone
		{14BD60D2-C9E6-49B4-A814-73B135E6CC86}.Debug|iPhone.ActiveCfg = Debug|iPhone
		{14BD60D2-C9E6-49B4-A814-73B135E6CC86}.Debug|iPhone.Build.0 = Debug|iPhone
		{14BD60D2-C9E6-49B4-A814-73B135E6CC86}.Debug|iPhoneSimulator.ActiveCfg = Debug|iPhoneSimulator
		{14BD60D2-C9E6-49B4-A814-73B135E6CC86}.Debug|iPhoneSimulator.Build.0 = Debug|iPhoneSimulator
		{14BD60D2-C9E6-49B4-A814-73B135E6CC86}.Debug|x64.ActiveCfg = Debug|iPhone
		{14BD60D2-C9E6-49B4-A814-73B135E6CC86}.Debug|x86.ActiveCfg = Debug|iPhone
		{14BD60D2-C9E6-49B4-A814-73B135E6CC86}.Release|Any CPU.ActiveCfg = Release|iPhone
		{14BD60D2-C9E6-49B4-A814-73B135E6CC86}.Release|ARM.ActiveCfg = Release|iPhone
		{14BD60D2-C9E6-49B4-A814-73B135E6CC86}.Release|iPhone.ActiveCfg = Release|iPhone
		{14BD60D2-C9E6-49B4-A814-73B135E6CC86}.Release|iPhone.Build.0 = Release|iPhone
		{14BD60D2-C9E6-49B4-A814-73B135E6CC86}.Release|iPhoneSimulator.ActiveCfg = Release|iPhoneSimulator
		{14BD60D2-C9E6-49B4-A814-73B135E6CC86}.Release|iPhoneSimulator.Build.0 = Release|iPhoneSimulator
		{14BD60D2-C9E6-49B4-A814-73B135E6CC86}.Release|x64.ActiveCfg = Release|iPhone
		{14BD60D2-C9E6-49B4-A814-73B135E6CC86}.Release|x86.ActiveCfg = Release|iPhone
	EndGlobalSection
	GlobalSection(SolutionProperties) = preSolution
		HideSolutionNode = FALSE
	EndGlobalSection
EndGlobal
